
Microsoft Visual Studio Solution File, Format Version 12.00
# Visual Studio Version 17
VisualStudioVersion = 17.8.34408.163
MinimumVisualStudioVersion = 10.0.40219.1
Project("{FAE04EC0-301F-11D3-BF4B-00C04F79EFBC}") = "WebAPI", "WebAPI\WebAPI.csproj", "{14AA5FD5-CC6B-47E6-A2C4-558C50586D51}"
EndProject
Global
	GlobalSection(SolutionConfigurationPlatforms) = preSolution
		Debug|Any CPU = Debug|Any CPU
		Release|Any CPU = Release|Any CPU
	EndGlobalSection
	GlobalSection(ProjectConfigurationPlatforms) = postSolution
		{14AA5FD5-CC6B-47E6-A2C4-558C50586D51}.Debug|Any CPU.ActiveCfg = Debug|Any CPU
		{14AA5FD5-CC6B-47E6-A2C4-558C50586D51}.Debug|Any CPU.Build.0 = Debug|Any CPU
		{14AA5FD5-CC6B-47E6-A2C4-558C50586D51}.Release|Any CPU.ActiveCfg = Release|Any CPU
		{14AA5FD5-CC6B-47E6-A2C4-558C50586D51}.Release|Any CPU.Build.0 = Release|Any CPU
	EndGlobalSection
	GlobalSection(SolutionProperties) = preSolution
		HideSolutionNode = FALSE
	EndGlobalSection
	GlobalSection(ExtensibilityGlobals) = postSolution
		SolutionGuid = {E07F2527-34F5-4DB7-B1F7-4AE15CC01362}
	EndGlobalSection
EndGlobal
